
Microsoft Visual Studio Solution File, Format Version 12.00
# Visual Studio Version 16
VisualStudioVersion = 16.0.33328.57
MinimumVisualStudioVersion = 10.0.40219.1
Project("{FAE04EC0-301F-11D3-BF4B-00C04F79EFBC}") = "gamedatasearchtool", "gamedatasearchtool\gamedatasearchtool.csproj", "{ECABE625-175A-4D19-B600-B4338318724A}"
EndProject
Global
	GlobalSection(SolutionConfigurationPlatforms) = preSolution
		Debug|Any CPU = Debug|Any CPU
		Release|Any CPU = Release|Any CPU
	EndGlobalSection
	GlobalSection(ProjectConfigurationPlatforms) = postSolution
		{ECABE625-175A-4D19-B600-B4338318724A}.Debug|Any CPU.ActiveCfg = Debug|Any CPU
		{ECABE625-175A-4D19-B600-B4338318724A}.Debug|Any CPU.Build.0 = Debug|Any CPU
		{ECABE625-175A-4D19-B600-B4338318724A}.Release|Any CPU.ActiveCfg = Release|Any CPU
		{ECABE625-175A-4D19-B600-B4338318724A}.Release|Any CPU.Build.0 = Release|Any CPU
	EndGlobalSection
	GlobalSection(SolutionProperties) = preSolution
		HideSolutionNode = FALSE
	EndGlobalSection
	GlobalSection(ExtensibilityGlobals) = postSolution
		SolutionGuid = {69FBF71D-5059-46CB-919B-88CD8FECD94B}
	EndGlobalSection
EndGlobal
